# This file is generated by running "yarn install" inside your project.
# Manual changes might be lost - proceed with caution!

__metadata:
  version: 8
  cacheKey: 10c0

"@bgotink/kdl-v1@npm:@bgotink/kdl@0.1.7":
  version: 0.1.7
  resolution: "@bgotink/kdl@npm:0.1.7"
  checksum: 9a6377f4ff2496472251ac8afbbbdc331d18c8fad22eea26ff52f735f044ab88db62557b6b07e87bdd23fd66f3cc41043ee2d10d9ad28d5665d3af06af068593
  languageName: node
  linkType: hard

"@bgotink/kdl@workspace:.":
  version: 0.0.0-use.local
  resolution: "@bgotink/kdl@workspace:."
  dependencies:
    "@bgotink/kdl-v1": "npm:@bgotink/kdl@0.1.7"
    "@types/benchmark": "npm:^2.1.5"
    "@types/node": "npm:^22"
    benchmark: "npm:^2.1.4"
    esbuild: "npm:^0.24.2"
    express-check-in: "npm:^0.2.0"
    husky: "npm:^9.0.11"
    is-ci: "npm:^3.0.1"
    kdljs: "npm:^0.2.0"
    marked: "npm:^14.1.2"
    prettier: "npm:^3.2.5"
    typedoc: "npm:^0.26.8"
    typedoc-plugin-markdown: "npm:^4.2.9"
    typescript: "npm:~5.6.2"
    uvu: "npm:^0.5.6"
  languageName: unknown
  linkType: soft

"@chevrotain/cst-dts-gen@npm:10.5.0":
  version: 10.5.0
  resolution: "@chevrotain/cst-dts-gen@npm:10.5.0"
  dependencies:
    "@chevrotain/gast": "npm:10.5.0"
    "@chevrotain/types": "npm:10.5.0"
    lodash: "npm:4.17.21"
  checksum: ae621f2255be6f2838775aa022e54c9557a7fe3f42b52ced3d44b2dac26a48020c9db76c49b90dbb2982eb152c385a4ff2dac7578deef6131592fe13bda93ea7
  languageName: node
  linkType: hard

"@chevrotain/gast@npm:10.5.0":
  version: 10.5.0
  resolution: "@chevrotain/gast@npm:10.5.0"
  dependencies:
    "@chevrotain/types": "npm:10.5.0"
    lodash: "npm:4.17.21"
  checksum: 4e894fe9932ef8a74a0d147c78f73fc0ef8aeb7170a79d66648c07c1de505ef0dc8b8dc0a5a69a58abd92adb7a165d9a540cb6b2393589b1025af18bcdb585ab
  languageName: node
  linkType: hard

"@chevrotain/types@npm:10.5.0":
  version: 10.5.0
  resolution: "@chevrotain/types@npm:10.5.0"
  checksum: 9131b833e9658263c114713758379e06e79e94e0cd0cf178ec9ddbc5672896c7e890d230b5e72402cd4d7ce861835ce9489d0402723620650d4b6c353b497ec6
  languageName: node
  linkType: hard

"@chevrotain/utils@npm:10.5.0":
  version: 10.5.0
  resolution: "@chevrotain/utils@npm:10.5.0"
  checksum: a7d99b8e9ecc8ceb0d46b5f194710768055c2b932aca316a5f1e77d8c1a6ecb8f4c5b39e4bac4dcd7189dfa5025dcdc112903511037b03a4ea88d216b68b4708
  languageName: node
  linkType: hard

"@esbuild/aix-ppc64@npm:0.24.2":
  version: 0.24.2
  resolution: "@esbuild/aix-ppc64@npm:0.24.2"
  conditions: os=aix & cpu=ppc64
  languageName: node
  linkType: hard

"@esbuild/android-arm64@npm:0.24.2":
  version: 0.24.2
  resolution: "@esbuild/android-arm64@npm:0.24.2"
  conditions: os=android & cpu=arm64
  languageName: node
  linkType: hard

"@esbuild/android-arm@npm:0.24.2":
  version: 0.24.2
  resolution: "@esbuild/android-arm@npm:0.24.2"
  conditions: os=android & cpu=arm
  languageName: node
  linkType: hard

"@esbuild/android-x64@npm:0.24.2":
  version: 0.24.2
  resolution: "@esbuild/android-x64@npm:0.24.2"
  conditions: os=android & cpu=x64
  languageName: node
  linkType: hard

"@esbuild/darwin-arm64@npm:0.24.2":
  version: 0.24.2
  resolution: "@esbuild/darwin-arm64@npm:0.24.2"
  conditions: os=darwin & cpu=arm64
  languageName: node
  linkType: hard

"@esbuild/darwin-x64@npm:0.24.2":
  version: 0.24.2
  resolution: "@esbuild/darwin-x64@npm:0.24.2"
  conditions: os=darwin & cpu=x64
  languageName: node
  linkType: hard

"@esbuild/freebsd-arm64@npm:0.24.2":
  version: 0.24.2
  resolution: "@esbuild/freebsd-arm64@npm:0.24.2"
  conditions: os=freebsd & cpu=arm64
  languageName: node
  linkType: hard

"@esbuild/freebsd-x64@npm:0.24.2":
  version: 0.24.2
  resolution: "@esbuild/freebsd-x64@npm:0.24.2"
  conditions: os=freebsd & cpu=x64
  languageName: node
  linkType: hard

"@esbuild/linux-arm64@npm:0.24.2":
  version: 0.24.2
  resolution: "@esbuild/linux-arm64@npm:0.24.2"
  conditions: os=linux & cpu=arm64
  languageName: node
  linkType: hard

"@esbuild/linux-arm@npm:0.24.2":
  version: 0.24.2
  resolution: "@esbuild/linux-arm@npm:0.24.2"
  conditions: os=linux & cpu=arm
  languageName: node
  linkType: hard

"@esbuild/linux-ia32@npm:0.24.2":
  version: 0.24.2
  resolution: "@esbuild/linux-ia32@npm:0.24.2"
  conditions: os=linux & cpu=ia32
  languageName: node
  linkType: hard

"@esbuild/linux-loong64@npm:0.24.2":
  version: 0.24.2
  resolution: "@esbuild/linux-loong64@npm:0.24.2"
  conditions: os=linux & cpu=loong64
  languageName: node
  linkType: hard

"@esbuild/linux-mips64el@npm:0.24.2":
  version: 0.24.2
  resolution: "@esbuild/linux-mips64el@npm:0.24.2"
  conditions: os=linux & cpu=mips64el
  languageName: node
  linkType: hard

"@esbuild/linux-ppc64@npm:0.24.2":
  version: 0.24.2
  resolution: "@esbuild/linux-ppc64@npm:0.24.2"
  conditions: os=linux & cpu=ppc64
  languageName: node
  linkType: hard

"@esbuild/linux-riscv64@npm:0.24.2":
  version: 0.24.2
  resolution: "@esbuild/linux-riscv64@npm:0.24.2"
  conditions: os=linux & cpu=riscv64
  languageName: node
  linkType: hard

"@esbuild/linux-s390x@npm:0.24.2":
  version: 0.24.2
  resolution: "@esbuild/linux-s390x@npm:0.24.2"
  conditions: os=linux & cpu=s390x
  languageName: node
  linkType: hard

"@esbuild/linux-x64@npm:0.24.2":
  version: 0.24.2
  resolution: "@esbuild/linux-x64@npm:0.24.2"
  conditions: os=linux & cpu=x64
  languageName: node
  linkType: hard

"@esbuild/netbsd-arm64@npm:0.24.2":
  version: 0.24.2
  resolution: "@esbuild/netbsd-arm64@npm:0.24.2"
  conditions: os=netbsd & cpu=arm64
  languageName: node
  linkType: hard

"@esbuild/netbsd-x64@npm:0.24.2":
  version: 0.24.2
  resolution: "@esbuild/netbsd-x64@npm:0.24.2"
  conditions: os=netbsd & cpu=x64
  languageName: node
  linkType: hard

"@esbuild/openbsd-arm64@npm:0.24.2":
  version: 0.24.2
  resolution: "@esbuild/openbsd-arm64@npm:0.24.2"
  conditions: os=openbsd & cpu=arm64
  languageName: node
  linkType: hard

"@esbuild/openbsd-x64@npm:0.24.2":
  version: 0.24.2
  resolution: "@esbuild/openbsd-x64@npm:0.24.2"
  conditions: os=openbsd & cpu=x64
  languageName: node
  linkType: hard

"@esbuild/sunos-x64@npm:0.24.2":
  version: 0.24.2
  resolution: "@esbuild/sunos-x64@npm:0.24.2"
  conditions: os=sunos & cpu=x64
  languageName: node
  linkType: hard

"@esbuild/win32-arm64@npm:0.24.2":
  version: 0.24.2
  resolution: "@esbuild/win32-arm64@npm:0.24.2"
  conditions: os=win32 & cpu=arm64
  languageName: node
  linkType: hard

"@esbuild/win32-ia32@npm:0.24.2":
  version: 0.24.2
  resolution: "@esbuild/win32-ia32@npm:0.24.2"
  conditions: os=win32 & cpu=ia32
  languageName: node
  linkType: hard

"@esbuild/win32-x64@npm:0.24.2":
  version: 0.24.2
  resolution: "@esbuild/win32-x64@npm:0.24.2"
  conditions: os=win32 & cpu=x64
  languageName: node
  linkType: hard

"@shikijs/core@npm:1.22.0":
  version: 1.22.0
  resolution: "@shikijs/core@npm:1.22.0"
  dependencies:
    "@shikijs/engine-javascript": "npm:1.22.0"
    "@shikijs/engine-oniguruma": "npm:1.22.0"
    "@shikijs/types": "npm:1.22.0"
    "@shikijs/vscode-textmate": "npm:^9.3.0"
    "@types/hast": "npm:^3.0.4"
    hast-util-to-html: "npm:^9.0.3"
  checksum: d663fee39180680ccb9ea8dd5abb397e953375989a4fd52fb65a2616388db21d1d0a715a68afae93c4b48f0e037bd0c3a600cd52fb8560461ba87e2102e00cd1
  languageName: node
  linkType: hard

"@shikijs/engine-javascript@npm:1.22.0":
  version: 1.22.0
  resolution: "@shikijs/engine-javascript@npm:1.22.0"
  dependencies:
    "@shikijs/types": "npm:1.22.0"
    "@shikijs/vscode-textmate": "npm:^9.3.0"
    oniguruma-to-js: "npm:0.4.3"
  checksum: f1a2c3c6ad5db549229dafe11a57bef2b0896e5c1b33dec15bd323e4e785dc469a277b088a89f774a66b30c8c62e9e5b76d3d485f46096dc290329aab33d92eb
  languageName: node
  linkType: hard

"@shikijs/engine-oniguruma@npm:1.22.0":
  version: 1.22.0
  resolution: "@shikijs/engine-oniguruma@npm:1.22.0"
  dependencies:
    "@shikijs/types": "npm:1.22.0"
    "@shikijs/vscode-textmate": "npm:^9.3.0"
  checksum: a57f2352dc35e6f3705348488c0ec2b91a99380489917bddc1d1444b775ba529fc99491ac0c16d0add6d2552ca9fd197e88bd47b0166d163bfc6a80345294452
  languageName: node
  linkType: hard

"@shikijs/types@npm:1.22.0":
  version: 1.22.0
  resolution: "@shikijs/types@npm:1.22.0"
  dependencies:
    "@shikijs/vscode-textmate": "npm:^9.3.0"
    "@types/hast": "npm:^3.0.4"
  checksum: 220ba56b046dd07cb5e12c02f061e926129d5295fba60c4910a45d65312cdcbcc120329ec550195fdb85ab60ae9e3af31430bffce3ceba80b30d21e32467c013
  languageName: node
  linkType: hard

"@shikijs/vscode-textmate@npm:^9.3.0":
  version: 9.3.0
  resolution: "@shikijs/vscode-textmate@npm:9.3.0"
  checksum: 6aa80798b7d7f8be8029bb397ce1b9b75c0d0963d6aa444b9ae165595ceee931cf3767ca1681ba71a6e27484eeccab584bd38db3420da477f1a8d745040b1b1f
  languageName: node
  linkType: hard

"@types/benchmark@npm:^2.1.5":
  version: 2.1.5
  resolution: "@types/benchmark@npm:2.1.5"
  checksum: 31ca163891bea0dbe28ad517ae95d18531518049e95cfac218e082590b33edd75cda23fc3e4abf72112b3928e844488c9b029b33aa29f825a83a16d2ed202154
  languageName: node
  linkType: hard

"@types/hast@npm:^3.0.0, @types/hast@npm:^3.0.4":
  version: 3.0.4
  resolution: "@types/hast@npm:3.0.4"
  dependencies:
    "@types/unist": "npm:*"
  checksum: 3249781a511b38f1d330fd1e3344eed3c4e7ea8eff82e835d35da78e637480d36fad37a78be5a7aed8465d237ad0446abc1150859d0fde395354ea634decf9f7
  languageName: node
  linkType: hard

"@types/mdast@npm:^4.0.0":
  version: 4.0.4
  resolution: "@types/mdast@npm:4.0.4"
  dependencies:
    "@types/unist": "npm:*"
  checksum: 84f403dbe582ee508fd9c7643ac781ad8597fcbfc9ccb8d4715a2c92e4545e5772cbd0dbdf18eda65789386d81b009967fdef01b24faf6640f817287f54d9c82
  languageName: node
  linkType: hard

"@types/node@npm:^22":
  version: 22.7.4
  resolution: "@types/node@npm:22.7.4"
  dependencies:
    undici-types: "npm:~6.19.2"
  checksum: c22bf54515c78ff3170142c1e718b90e2a0003419dc2d55f79c9c9362edd590a6ab1450deb09ff6e1b32d1b4698da407930b16285e8be3a009ea6cd2695cac01
  languageName: node
  linkType: hard

"@types/unist@npm:*, @types/unist@npm:^3.0.0":
  version: 3.0.3
  resolution: "@types/unist@npm:3.0.3"
  checksum: 2b1e4adcab78388e088fcc3c0ae8700f76619dbcb4741d7d201f87e2cb346bfc29a89003cfea2d76c996e1061452e14fcd737e8b25aacf949c1f2d6b2bc3dd60
  languageName: node
  linkType: hard

"@ungap/structured-clone@npm:^1.0.0":
  version: 1.2.0
  resolution: "@ungap/structured-clone@npm:1.2.0"
  checksum: 8209c937cb39119f44eb63cf90c0b73e7c754209a6411c707be08e50e29ee81356dca1a848a405c8bdeebfe2f5e4f831ad310ae1689eeef65e7445c090c6657d
  languageName: node
  linkType: hard

"argparse@npm:^2.0.1":
  version: 2.0.1
  resolution: "argparse@npm:2.0.1"
  checksum: c5640c2d89045371c7cedd6a70212a04e360fd34d6edeae32f6952c63949e3525ea77dbec0289d8213a99bbaeab5abfa860b5c12cf88a2e6cf8106e90dd27a7e
  languageName: node
  linkType: hard

"balanced-match@npm:^1.0.0":
  version: 1.0.2
  resolution: "balanced-match@npm:1.0.2"
  checksum: 9308baf0a7e4838a82bbfd11e01b1cb0f0cf2893bc1676c27c2a8c0e70cbae1c59120c3268517a8ae7fb6376b4639ef81ca22582611dbee4ed28df945134aaee
  languageName: node
  linkType: hard

"benchmark@npm:^2.1.4":
  version: 2.1.4
  resolution: "benchmark@npm:2.1.4"
  dependencies:
    lodash: "npm:^4.17.4"
    platform: "npm:^1.3.3"
  checksum: 510224c01f7578e9aa60cef67ec3dd8f84ac6670007bcc96285f87865375122aca0853ab4e542cc80cfeeed436356dfdd63bb66cb5e72365abb912685b2139be
  languageName: node
  linkType: hard

"brace-expansion@npm:^2.0.1":
  version: 2.0.1
  resolution: "brace-expansion@npm:2.0.1"
  dependencies:
    balanced-match: "npm:^1.0.0"
  checksum: b358f2fe060e2d7a87aa015979ecea07f3c37d4018f8d6deb5bd4c229ad3a0384fe6029bb76cd8be63c81e516ee52d1a0673edbe2023d53a5191732ae3c3e49f
  languageName: node
  linkType: hard

"braces@npm:^3.0.2":
  version: 3.0.2
  resolution: "braces@npm:3.0.2"
  dependencies:
    fill-range: "npm:^7.0.1"
  checksum: 321b4d675791479293264019156ca322163f02dc06e3c4cab33bb15cd43d80b51efef69b0930cfde3acd63d126ebca24cd0544fa6f261e093a0fb41ab9dda381
  languageName: node
  linkType: hard

"ccount@npm:^2.0.0":
  version: 2.0.1
  resolution: "ccount@npm:2.0.1"
  checksum: 3939b1664390174484322bc3f45b798462e6c07ee6384cb3d645e0aa2f318502d174845198c1561930e1d431087f74cf1fe291ae9a4722821a9f4ba67e574350
  languageName: node
  linkType: hard

"character-entities-html4@npm:^2.0.0":
  version: 2.1.0
  resolution: "character-entities-html4@npm:2.1.0"
  checksum: fe61b553f083400c20c0b0fd65095df30a0b445d960f3bbf271536ae6c3ba676f39cb7af0b4bf2755812f08ab9b88f2feed68f9aebb73bb153f7a115fe5c6e40
  languageName: node
  linkType: hard

"character-entities-legacy@npm:^3.0.0":
  version: 3.0.0
  resolution: "character-entities-legacy@npm:3.0.0"
  checksum: ec4b430af873661aa754a896a2b55af089b4e938d3d010fad5219299a6b6d32ab175142699ee250640678cd64bdecd6db3c9af0b8759ab7b155d970d84c4c7d1
  languageName: node
  linkType: hard

"chevrotain@npm:^10.1.2":
  version: 10.5.0
  resolution: "chevrotain@npm:10.5.0"
  dependencies:
    "@chevrotain/cst-dts-gen": "npm:10.5.0"
    "@chevrotain/gast": "npm:10.5.0"
    "@chevrotain/types": "npm:10.5.0"
    "@chevrotain/utils": "npm:10.5.0"
    lodash: "npm:4.17.21"
    regexp-to-ast: "npm:0.5.0"
  checksum: a67a8b9f326231e6e4bf42e0c82d5f6e0b69bcfe4266e406d644ee58d22f7cba63deb034973813d0f5761026328cd4928250136cde940e3ef238a1f020c7307a
  languageName: node
  linkType: hard

"ci-info@npm:^3.2.0":
  version: 3.9.0
  resolution: "ci-info@npm:3.9.0"
  checksum: 6f0109e36e111684291d46123d491bc4e7b7a1934c3a20dea28cba89f1d4a03acd892f5f6a81ed3855c38647e285a150e3c9ba062e38943bef57fee6c1554c3a
  languageName: node
  linkType: hard

"comma-separated-tokens@npm:^2.0.0":
  version: 2.0.3
  resolution: "comma-separated-tokens@npm:2.0.3"
  checksum: 91f90f1aae320f1755d6957ef0b864fe4f54737f3313bd95e0802686ee2ca38bff1dd381964d00ae5db42912dd1f4ae5c2709644e82706ffc6f6842a813cdd67
  languageName: node
  linkType: hard

"dequal@npm:^2.0.0":
  version: 2.0.3
  resolution: "dequal@npm:2.0.3"
  checksum: f98860cdf58b64991ae10205137c0e97d384c3a4edc7f807603887b7c4b850af1224a33d88012009f150861cbee4fa2d322c4cc04b9313bee312e47f6ecaa888
  languageName: node
  linkType: hard

"devlop@npm:^1.0.0":
  version: 1.1.0
  resolution: "devlop@npm:1.1.0"
  dependencies:
    dequal: "npm:^2.0.0"
  checksum: e0928ab8f94c59417a2b8389c45c55ce0a02d9ac7fd74ef62d01ba48060129e1d594501b77de01f3eeafc7cb00773819b0df74d96251cf20b31c5b3071f45c0e
  languageName: node
  linkType: hard

"diff@npm:^5.0.0":
  version: 5.2.0
  resolution: "diff@npm:5.2.0"
  checksum: aed0941f206fe261ecb258dc8d0ceea8abbde3ace5827518ff8d302f0fc9cc81ce116c4d8f379151171336caf0516b79e01abdc1ed1201b6440d895a66689eb4
  languageName: node
  linkType: hard

"entities@npm:^4.4.0":
  version: 4.5.0
  resolution: "entities@npm:4.5.0"
  checksum: 5b039739f7621f5d1ad996715e53d964035f75ad3b9a4d38c6b3804bb226e282ffeae2443624d8fdd9c47d8e926ae9ac009c54671243f0c3294c26af7cc85250
  languageName: node
  linkType: hard

"esbuild@npm:^0.24.2":
  version: 0.24.2
  resolution: "esbuild@npm:0.24.2"
  dependencies:
    "@esbuild/aix-ppc64": "npm:0.24.2"
    "@esbuild/android-arm": "npm:0.24.2"
    "@esbuild/android-arm64": "npm:0.24.2"
    "@esbuild/android-x64": "npm:0.24.2"
    "@esbuild/darwin-arm64": "npm:0.24.2"
    "@esbuild/darwin-x64": "npm:0.24.2"
    "@esbuild/freebsd-arm64": "npm:0.24.2"
    "@esbuild/freebsd-x64": "npm:0.24.2"
    "@esbuild/linux-arm": "npm:0.24.2"
    "@esbuild/linux-arm64": "npm:0.24.2"
    "@esbuild/linux-ia32": "npm:0.24.2"
    "@esbuild/linux-loong64": "npm:0.24.2"
    "@esbuild/linux-mips64el": "npm:0.24.2"
    "@esbuild/linux-ppc64": "npm:0.24.2"
    "@esbuild/linux-riscv64": "npm:0.24.2"
    "@esbuild/linux-s390x": "npm:0.24.2"
    "@esbuild/linux-x64": "npm:0.24.2"
    "@esbuild/netbsd-arm64": "npm:0.24.2"
    "@esbuild/netbsd-x64": "npm:0.24.2"
    "@esbuild/openbsd-arm64": "npm:0.24.2"
    "@esbuild/openbsd-x64": "npm:0.24.2"
    "@esbuild/sunos-x64": "npm:0.24.2"
    "@esbuild/win32-arm64": "npm:0.24.2"
    "@esbuild/win32-ia32": "npm:0.24.2"
    "@esbuild/win32-x64": "npm:0.24.2"
  dependenciesMeta:
    "@esbuild/aix-ppc64":
      optional: true
    "@esbuild/android-arm":
      optional: true
    "@esbuild/android-arm64":
      optional: true
    "@esbuild/android-x64":
      optional: true
    "@esbuild/darwin-arm64":
      optional: true
    "@esbuild/darwin-x64":
      optional: true
    "@esbuild/freebsd-arm64":
      optional: true
    "@esbuild/freebsd-x64":
      optional: true
    "@esbuild/linux-arm":
      optional: true
    "@esbuild/linux-arm64":
      optional: true
    "@esbuild/linux-ia32":
      optional: true
    "@esbuild/linux-loong64":
      optional: true
    "@esbuild/linux-mips64el":
      optional: true
    "@esbuild/linux-ppc64":
      optional: true
    "@esbuild/linux-riscv64":
      optional: true
    "@esbuild/linux-s390x":
      optional: true
    "@esbuild/linux-x64":
      optional: true
    "@esbuild/netbsd-arm64":
      optional: true
    "@esbuild/netbsd-x64":
      optional: true
    "@esbuild/openbsd-arm64":
      optional: true
    "@esbuild/openbsd-x64":
      optional: true
    "@esbuild/sunos-x64":
      optional: true
    "@esbuild/win32-arm64":
      optional: true
    "@esbuild/win32-ia32":
      optional: true
    "@esbuild/win32-x64":
      optional: true
  bin:
    esbuild: bin/esbuild
  checksum: 5a25bb08b6ba23db6e66851828d848bd3ff87c005a48c02d83e38879058929878a6baa5a414e1141faee0d1dece3f32b5fbc2a87b82ed6a7aa857cf40359aeb5
  languageName: node
  linkType: hard

"express-check-in@npm:^0.2.0":
  version: 0.2.0
  resolution: "express-check-in@npm:0.2.0"
  dependencies:
    micromatch: "npm:4.0.5"
  peerDependencies:
    cspell-lib: ^5.4.1 || ^6.0.0 || ^7.0.0 || ^8.0.0
    prettier: ^2.3.0 || ^3.0.0
  peerDependenciesMeta:
    cspell-lib:
      optional: true
    prettier:
      optional: true
  bin:
    express-check-in: bin.js
  checksum: 58109464aa4a27a6b19ff9b39d6bf239b9332dc4f9e0a2063cb334a16f8cdb1b2181b81e322260d3cc025e8b2ce9138b19fccb0ee350b84cf6c53cceecddb32d
  languageName: node
  linkType: hard

"fill-range@npm:^7.0.1":
  version: 7.0.1
  resolution: "fill-range@npm:7.0.1"
  dependencies:
    to-regex-range: "npm:^5.0.1"
  checksum: 7cdad7d426ffbaadf45aeb5d15ec675bbd77f7597ad5399e3d2766987ed20bda24d5fac64b3ee79d93276f5865608bb22344a26b9b1ae6c4d00bd94bf611623f
  languageName: node
  linkType: hard

"hast-util-to-html@npm:^9.0.3":
  version: 9.0.3
  resolution: "hast-util-to-html@npm:9.0.3"
  dependencies:
    "@types/hast": "npm:^3.0.0"
    "@types/unist": "npm:^3.0.0"
    ccount: "npm:^2.0.0"
    comma-separated-tokens: "npm:^2.0.0"
    hast-util-whitespace: "npm:^3.0.0"
    html-void-elements: "npm:^3.0.0"
    mdast-util-to-hast: "npm:^13.0.0"
    property-information: "npm:^6.0.0"
    space-separated-tokens: "npm:^2.0.0"
    stringify-entities: "npm:^4.0.0"
    zwitch: "npm:^2.0.4"
  checksum: af938a03034727f6c944d3855732d72f71a3bcd920d36b9ba3e083df2217faf81713740934db64673aca69d76b60abe80052e47c0702323fd0bd5dce03b67b8d
  languageName: node
  linkType: hard

"hast-util-whitespace@npm:^3.0.0":
  version: 3.0.0
  resolution: "hast-util-whitespace@npm:3.0.0"
  dependencies:
    "@types/hast": "npm:^3.0.0"
  checksum: b898bc9fe27884b272580d15260b6bbdabe239973a147e97fa98c45fa0ffec967a481aaa42291ec34fb56530dc2d484d473d7e2bae79f39c83f3762307edfea8
  languageName: node
  linkType: hard

"html-void-elements@npm:^3.0.0":
  version: 3.0.0
  resolution: "html-void-elements@npm:3.0.0"
  checksum: a8b9ec5db23b7c8053876dad73a0336183e6162bf6d2677376d8b38d654fdc59ba74fdd12f8812688f7db6fad451210c91b300e472afc0909224e0a44c8610d2
  languageName: node
  linkType: hard

"husky@npm:^9.0.11":
  version: 9.0.11
  resolution: "husky@npm:9.0.11"
  bin:
    husky: bin.mjs
  checksum: 2c787dcf74a837fc9a4fea7da907509d4bd9a289f4ea10ecc9d86279e4d4542b0f5f6443a619bccae19e265f2677172cc2b86aae5c932a35a330cc227d914605
  languageName: node
  linkType: hard

"is-ci@npm:^3.0.1":
  version: 3.0.1
  resolution: "is-ci@npm:3.0.1"
  dependencies:
    ci-info: "npm:^3.2.0"
  bin:
    is-ci: bin.js
  checksum: 0e81caa62f4520d4088a5bef6d6337d773828a88610346c4b1119fb50c842587ed8bef1e5d9a656835a599e7209405b5761ddf2339668f2d0f4e889a92fe6051
  languageName: node
  linkType: hard

"is-number@npm:^7.0.0":
  version: 7.0.0
  resolution: "is-number@npm:7.0.0"
  checksum: b4686d0d3053146095ccd45346461bc8e53b80aeb7671cc52a4de02dbbf7dc0d1d2a986e2fe4ae206984b4d34ef37e8b795ebc4f4295c978373e6575e295d811
  languageName: node
  linkType: hard

"kdljs@npm:^0.2.0":
  version: 0.2.0
  resolution: "kdljs@npm:0.2.0"
  dependencies:
    chevrotain: "npm:^10.1.2"
  checksum: 9c68353a63753c09dcb2ad2ad22dc27071d2e58e0584dced1fdd9536a2745d46a6772d50d81ce0e8c5fb99d9963515c7ebe277655bdd957105c353d2c95c38cc
  languageName: node
  linkType: hard

"kleur@npm:^4.0.3":
  version: 4.1.5
  resolution: "kleur@npm:4.1.5"
  checksum: e9de6cb49657b6fa70ba2d1448fd3d691a5c4370d8f7bbf1c2f64c24d461270f2117e1b0afe8cb3114f13bbd8e51de158c2a224953960331904e636a5e4c0f2a
  languageName: node
  linkType: hard

"linkify-it@npm:^5.0.0":
  version: 5.0.0
  resolution: "linkify-it@npm:5.0.0"
  dependencies:
    uc.micro: "npm:^2.0.0"
  checksum: ff4abbcdfa2003472fc3eb4b8e60905ec97718e11e33cca52059919a4c80cc0e0c2a14d23e23d8c00e5402bc5a885cdba8ca053a11483ab3cc8b3c7a52f88e2d
  languageName: node
  linkType: hard

"lodash@npm:4.17.21, lodash@npm:^4.17.4":
  version: 4.17.21
  resolution: "lodash@npm:4.17.21"
  checksum: d8cbea072bb08655bb4c989da418994b073a608dffa608b09ac04b43a791b12aeae7cd7ad919aa4c925f33b48490b5cfe6c1f71d827956071dae2e7bb3a6b74c
  languageName: node
  linkType: hard

"lunr@npm:^2.3.9":
  version: 2.3.9
  resolution: "lunr@npm:2.3.9"
  checksum: 77d7dbb4fbd602aac161e2b50887d8eda28c0fa3b799159cee380fbb311f1e614219126ecbbd2c3a9c685f1720a8109b3c1ca85cc893c39b6c9cc6a62a1d8a8b
  languageName: node
  linkType: hard

"markdown-it@npm:^14.1.0":
  version: 14.1.0
  resolution: "markdown-it@npm:14.1.0"
  dependencies:
    argparse: "npm:^2.0.1"
    entities: "npm:^4.4.0"
    linkify-it: "npm:^5.0.0"
    mdurl: "npm:^2.0.0"
    punycode.js: "npm:^2.3.1"
    uc.micro: "npm:^2.1.0"
  bin:
    markdown-it: bin/markdown-it.mjs
  checksum: 9a6bb444181d2db7016a4173ae56a95a62c84d4cbfb6916a399b11d3e6581bf1cc2e4e1d07a2f022ae72c25f56db90fbe1e529fca16fbf9541659dc53480d4b4
  languageName: node
  linkType: hard

"marked@npm:^14.1.2":
  version: 14.1.2
  resolution: "marked@npm:14.1.2"
  bin:
    marked: bin/marked.js
  checksum: fb636a97a2f11acf4cca092836020281ff3bc573f3295b4f4639135a6188e4815b910ec8572eb5686e25580c9c383daf605b4a00fcb5e5626e5c65914755e4bd
  languageName: node
  linkType: hard

"mdast-util-to-hast@npm:^13.0.0":
  version: 13.2.0
  resolution: "mdast-util-to-hast@npm:13.2.0"
  dependencies:
    "@types/hast": "npm:^3.0.0"
    "@types/mdast": "npm:^4.0.0"
    "@ungap/structured-clone": "npm:^1.0.0"
    devlop: "npm:^1.0.0"
    micromark-util-sanitize-uri: "npm:^2.0.0"
    trim-lines: "npm:^3.0.0"
    unist-util-position: "npm:^5.0.0"
    unist-util-visit: "npm:^5.0.0"
    vfile: "npm:^6.0.0"
  checksum: 9ee58def9287df8350cbb6f83ced90f9c088d72d4153780ad37854f87144cadc6f27b20347073b285173b1649b0723ddf0b9c78158608a804dcacb6bda6e1816
  languageName: node
  linkType: hard

"mdurl@npm:^2.0.0":
  version: 2.0.0
  resolution: "mdurl@npm:2.0.0"
  checksum: 633db522272f75ce4788440669137c77540d74a83e9015666a9557a152c02e245b192edc20bc90ae953bbab727503994a53b236b4d9c99bdaee594d0e7dd2ce0
  languageName: node
  linkType: hard

"micromark-util-character@npm:^2.0.0":
  version: 2.1.0
  resolution: "micromark-util-character@npm:2.1.0"
  dependencies:
    micromark-util-symbol: "npm:^2.0.0"
    micromark-util-types: "npm:^2.0.0"
  checksum: fc37a76aaa5a5138191ba2bef1ac50c36b3bcb476522e98b1a42304ab4ec76f5b036a746ddf795d3de3e7004b2c09f21dd1bad42d161f39b8cfc0acd067e6373
  languageName: node
  linkType: hard

"micromark-util-encode@npm:^2.0.0":
  version: 2.0.0
  resolution: "micromark-util-encode@npm:2.0.0"
  checksum: ebdaafff23100bbf4c74e63b4b1612a9ddf94cd7211d6a076bc6fb0bc32c1b48d6fb615aa0953e607c62c97d849f97f1042260d3eb135259d63d372f401bbbb2
  languageName: node
  linkType: hard

"micromark-util-sanitize-uri@npm:^2.0.0":
  version: 2.0.0
  resolution: "micromark-util-sanitize-uri@npm:2.0.0"
  dependencies:
    micromark-util-character: "npm:^2.0.0"
    micromark-util-encode: "npm:^2.0.0"
    micromark-util-symbol: "npm:^2.0.0"
  checksum: 74763ca1c927dd520d3ab8fd9856a19740acf76fc091f0a1f5d4e99c8cd5f1b81c5a0be3efb564941a071fb6d85fd951103f2760eb6cff77b5ab3abe08341309
  languageName: node
  linkType: hard

"micromark-util-symbol@npm:^2.0.0":
  version: 2.0.0
  resolution: "micromark-util-symbol@npm:2.0.0"
  checksum: 4e76186c185ce4cefb9cea8584213d9ffacd77099d1da30c0beb09fa21f46f66f6de4c84c781d7e34ff763fe3a06b530e132fa9004882afab9e825238d0aa8b3
  languageName: node
  linkType: hard

"micromark-util-types@npm:^2.0.0":
  version: 2.0.0
  resolution: "micromark-util-types@npm:2.0.0"
  checksum: d74e913b9b61268e0d6939f4209e3abe9dada640d1ee782419b04fd153711112cfaaa3c4d5f37225c9aee1e23c3bb91a1f5223e1e33ba92d33e83956a53e61de
  languageName: node
  linkType: hard

"micromatch@npm:4.0.5":
  version: 4.0.5
  resolution: "micromatch@npm:4.0.5"
  dependencies:
    braces: "npm:^3.0.2"
    picomatch: "npm:^2.3.1"
  checksum: 3d6505b20f9fa804af5d8c596cb1c5e475b9b0cd05f652c5b56141cf941bd72adaeb7a436fda344235cef93a7f29b7472efc779fcdb83b478eab0867b95cdeff
  languageName: node
  linkType: hard

"minimatch@npm:^9.0.5":
  version: 9.0.5
  resolution: "minimatch@npm:9.0.5"
  dependencies:
    brace-expansion: "npm:^2.0.1"
  checksum: de96cf5e35bdf0eab3e2c853522f98ffbe9a36c37797778d2665231ec1f20a9447a7e567cb640901f89e4daaa95ae5d70c65a9e8aa2bb0019b6facbc3c0575ed
  languageName: node
  linkType: hard

"mri@npm:^1.1.0":
  version: 1.2.0
  resolution: "mri@npm:1.2.0"
  checksum: a3d32379c2554cf7351db6237ddc18dc9e54e4214953f3da105b97dc3babe0deb3ffe99cf409b38ea47cc29f9430561ba6b53b24ab8f9ce97a4b50409e4a50e7
  languageName: node
  linkType: hard

"oniguruma-to-js@npm:0.4.3":
  version: 0.4.3
  resolution: "oniguruma-to-js@npm:0.4.3"
  dependencies:
    regex: "npm:^4.3.2"
  checksum: 47d8a4089b1fd0ae4b9781907a92222ae549756ddb72a177a85fdc3bda8e59ce2840710dd03e448b80c9878aa8f4e14519fccc3652da71fc3e8bc048d5cb6acb
  languageName: node
  linkType: hard

"picomatch@npm:^2.3.1":
  version: 2.3.1
  resolution: "picomatch@npm:2.3.1"
  checksum: 26c02b8d06f03206fc2ab8d16f19960f2ff9e81a658f831ecb656d8f17d9edc799e8364b1f4a7873e89d9702dff96204be0fa26fe4181f6843f040f819dac4be
  languageName: node
  linkType: hard

"platform@npm:^1.3.3":
  version: 1.3.6
  resolution: "platform@npm:1.3.6"
  checksum: 69f2eb692e15f1a343dd0d9347babd9ca933824c8673096be746ff66f99f2bdc909fadd8609076132e6ec768349080babb7362299f2a7f885b98f1254ae6224b
  languageName: node
  linkType: hard

"prettier@npm:^3.2.5":
  version: 3.2.5
  resolution: "prettier@npm:3.2.5"
  bin:
    prettier: bin/prettier.cjs
  checksum: ea327f37a7d46f2324a34ad35292af2ad4c4c3c3355da07313339d7e554320f66f65f91e856add8530157a733c6c4a897dc41b577056be5c24c40f739f5ee8c6
  languageName: node
  linkType: hard

"property-information@npm:^6.0.0":
  version: 6.5.0
  resolution: "property-information@npm:6.5.0"
  checksum: 981e0f9cc2e5acdb414a6fd48a99dd0fd3a4079e7a91ab41cf97a8534cf43e0e0bc1ffada6602a1b3d047a33db8b5fc2ef46d863507eda712d5ceedac443f0ef
  languageName: node
  linkType: hard

"punycode.js@npm:^2.3.1":
  version: 2.3.1
  resolution: "punycode.js@npm:2.3.1"
  checksum: 1d12c1c0e06127fa5db56bd7fdf698daf9a78104456a6b67326877afc21feaa821257b171539caedd2f0524027fa38e67b13dd094159c8d70b6d26d2bea4dfdb
  languageName: node
  linkType: hard

"regex@npm:^4.3.2":
  version: 4.3.3
  resolution: "regex@npm:4.3.3"
  checksum: 543caebc029af8e6205513accf1b32bcafd71a6c48d39af63ce667d043d11d3c81f5c3fa6d9729175c23257180c5588de9e7ae9fe8a1c1d8924699265764dea2
  languageName: node
  linkType: hard

"regexp-to-ast@npm:0.5.0":
  version: 0.5.0
  resolution: "regexp-to-ast@npm:0.5.0"
  checksum: 16d3c3905fb24866c3bff689ab177c1e63a7283a3cd1ba95987ef86020526f9827f5c60794197311f0e8a967889131142fe7a2e5ed3523ffe2ac9f55052e1566
  languageName: node
  linkType: hard

"sade@npm:^1.7.3":
  version: 1.8.1
  resolution: "sade@npm:1.8.1"
  dependencies:
    mri: "npm:^1.1.0"
  checksum: da8a3a5d667ad5ce3bf6d4f054bbb9f711103e5df21003c5a5c1a8a77ce12b640ed4017dd423b13c2307ea7e645adee7c2ae3afe8051b9db16a6f6d3da3f90b1
  languageName: node
  linkType: hard

"shiki@npm:^1.16.2":
  version: 1.22.0
  resolution: "shiki@npm:1.22.0"
  dependencies:
    "@shikijs/core": "npm:1.22.0"
    "@shikijs/engine-javascript": "npm:1.22.0"
    "@shikijs/engine-oniguruma": "npm:1.22.0"
    "@shikijs/types": "npm:1.22.0"
    "@shikijs/vscode-textmate": "npm:^9.3.0"
    "@types/hast": "npm:^3.0.4"
  checksum: 750ee1751340ad65368921a4a4f29249b9632c8b547a0c4052eb8a467be0da8b3af7a5e8751482a9e387f67053f8c8a7e5f50bf1be6fcf6f91ed3952bd20965e
  languageName: node
  linkType: hard

"space-separated-tokens@npm:^2.0.0":
  version: 2.0.2
  resolution: "space-separated-tokens@npm:2.0.2"
  checksum: 6173e1d903dca41dcab6a2deed8b4caf61bd13b6d7af8374713500570aa929ff9414ae09a0519f4f8772df993300305a395d4871f35bc4ca72b6db57e1f30af8
  languageName: node
  linkType: hard

"stringify-entities@npm:^4.0.0":
  version: 4.0.4
  resolution: "stringify-entities@npm:4.0.4"
  dependencies:
    character-entities-html4: "npm:^2.0.0"
    character-entities-legacy: "npm:^3.0.0"
  checksum: 537c7e656354192406bdd08157d759cd615724e9d0873602d2c9b2f6a5c0a8d0b1d73a0a08677848105c5eebac6db037b57c0b3a4ec86331117fa7319ed50448
  languageName: node
  linkType: hard

"to-regex-range@npm:^5.0.1":
  version: 5.0.1
  resolution: "to-regex-range@npm:5.0.1"
  dependencies:
    is-number: "npm:^7.0.0"
  checksum: 487988b0a19c654ff3e1961b87f471702e708fa8a8dd02a298ef16da7206692e8552a0250e8b3e8759270f62e9d8314616f6da274734d3b558b1fc7b7724e892
  languageName: node
  linkType: hard

"trim-lines@npm:^3.0.0":
  version: 3.0.1
  resolution: "trim-lines@npm:3.0.1"
  checksum: 3a1611fa9e52aa56a94c69951a9ea15b8aaad760eaa26c56a65330dc8adf99cb282fc07cc9d94968b7d4d88003beba220a7278bbe2063328eb23fb56f9509e94
  languageName: node
  linkType: hard

"typedoc-plugin-markdown@npm:^4.2.9":
  version: 4.2.9
  resolution: "typedoc-plugin-markdown@npm:4.2.9"
  peerDependencies:
    typedoc: 0.26.x
  checksum: 68e49a7347b30fc4d7f1bfecc674fdbb2cfa0d6f62d09d13f24deff4ed6eeb56fbad5dbbc5bab084507eadf178dc25e64833a3b2222be572a3a7fe269d7bc6fd
  languageName: node
  linkType: hard

"typedoc@npm:^0.26.8":
  version: 0.26.8
  resolution: "typedoc@npm:0.26.8"
  dependencies:
    lunr: "npm:^2.3.9"
    markdown-it: "npm:^14.1.0"
    minimatch: "npm:^9.0.5"
    shiki: "npm:^1.16.2"
    yaml: "npm:^2.5.1"
  peerDependencies:
    typescript: 4.6.x || 4.7.x || 4.8.x || 4.9.x || 5.0.x || 5.1.x || 5.2.x || 5.3.x || 5.4.x || 5.5.x || 5.6.x
  bin:
    typedoc: bin/typedoc
  checksum: 8381e50139ca8df9e9dfcaff35d6a5d1a226b32969ed2dcbc65aafacd1aaef2ecc4712f229229e8bb3850971b530af2e79312fcd2e18febe950c03710c504eec
  languageName: node
  linkType: hard

"typescript@npm:~5.6.2":
  version: 5.6.2
  resolution: "typescript@npm:5.6.2"
  bin:
    tsc: bin/tsc
    tsserver: bin/tsserver
  checksum: 3ed8297a8c7c56b7fec282532503d1ac795239d06e7c4966b42d4330c6cf433a170b53bcf93a130a7f14ccc5235de5560df4f1045eb7f3550b46ebed16d3c5e5
  languageName: node
  linkType: hard

"typescript@patch:typescript@npm%3A~5.6.2#optional!builtin<compat/typescript>":
  version: 5.6.2
  resolution: "typescript@patch:typescript@npm%3A5.6.2#optional!builtin<compat/typescript>::version=5.6.2&hash=e012d7"
  bin:
    tsc: bin/tsc
    tsserver: bin/tsserver
  checksum: e6c1662e4852e22fe4bbdca471dca3e3edc74f6f1df043135c44a18a7902037023ccb0abdfb754595ca9028df8920f2f8492c00fc3cbb4309079aae8b7de71cd
  languageName: node
  linkType: hard

"uc.micro@npm:^2.0.0, uc.micro@npm:^2.1.0":
  version: 2.1.0
  resolution: "uc.micro@npm:2.1.0"
  checksum: 8862eddb412dda76f15db8ad1c640ccc2f47cdf8252a4a30be908d535602c8d33f9855dfcccb8b8837855c1ce1eaa563f7fa7ebe3c98fd0794351aab9b9c55fa
  languageName: node
  linkType: hard

"undici-types@npm:~6.19.2":
  version: 6.19.8
  resolution: "undici-types@npm:6.19.8"
  checksum: 078afa5990fba110f6824823ace86073b4638f1d5112ee26e790155f481f2a868cc3e0615505b6f4282bdf74a3d8caad715fd809e870c2bb0704e3ea6082f344
  languageName: node
  linkType: hard

"unist-util-is@npm:^6.0.0":
  version: 6.0.0
  resolution: "unist-util-is@npm:6.0.0"
  dependencies:
    "@types/unist": "npm:^3.0.0"
  checksum: 9419352181eaa1da35eca9490634a6df70d2217815bb5938a04af3a662c12c5607a2f1014197ec9c426fbef18834f6371bfdb6f033040fa8aa3e965300d70e7e
  languageName: node
  linkType: hard

"unist-util-position@npm:^5.0.0":
  version: 5.0.0
  resolution: "unist-util-position@npm:5.0.0"
  dependencies:
    "@types/unist": "npm:^3.0.0"
  checksum: dde3b31e314c98f12b4dc6402f9722b2bf35e96a4f2d463233dd90d7cde2d4928074a7a11eff0a5eb1f4e200f27fc1557e0a64a7e8e4da6558542f251b1b7400
  languageName: node
  linkType: hard

"unist-util-stringify-position@npm:^4.0.0":
  version: 4.0.0
  resolution: "unist-util-stringify-position@npm:4.0.0"
  dependencies:
    "@types/unist": "npm:^3.0.0"
  checksum: dfe1dbe79ba31f589108cb35e523f14029b6675d741a79dea7e5f3d098785045d556d5650ec6a8338af11e9e78d2a30df12b1ee86529cded1098da3f17ee999e
  languageName: node
  linkType: hard

"unist-util-visit-parents@npm:^6.0.0":
  version: 6.0.1
  resolution: "unist-util-visit-parents@npm:6.0.1"
  dependencies:
    "@types/unist": "npm:^3.0.0"
    unist-util-is: "npm:^6.0.0"
  checksum: 51b1a5b0aa23c97d3e03e7288f0cdf136974df2217d0999d3de573c05001ef04cccd246f51d2ebdfb9e8b0ed2704451ad90ba85ae3f3177cf9772cef67f56206
  languageName: node
  linkType: hard

"unist-util-visit@npm:^5.0.0":
  version: 5.0.0
  resolution: "unist-util-visit@npm:5.0.0"
  dependencies:
    "@types/unist": "npm:^3.0.0"
    unist-util-is: "npm:^6.0.0"
    unist-util-visit-parents: "npm:^6.0.0"
  checksum: 51434a1d80252c1540cce6271a90fd1a106dbe624997c09ed8879279667fb0b2d3a685e02e92bf66598dcbe6cdffa7a5f5fb363af8fdf90dda6c855449ae39a5
  languageName: node
  linkType: hard

"uvu@npm:^0.5.6":
  version: 0.5.6
  resolution: "uvu@npm:0.5.6"
  dependencies:
    dequal: "npm:^2.0.0"
    diff: "npm:^5.0.0"
    kleur: "npm:^4.0.3"
    sade: "npm:^1.7.3"
  bin:
    uvu: bin.js
  checksum: ad32eb5f7d94bdeb71f80d073003f0138e24f61ed68cecc8e15d2f30838f44c9670577bb1775c8fac894bf93d1bc1583d470a9195e49bfa6efa14cc6f4942bff
  languageName: node
  linkType: hard

"vfile-message@npm:^4.0.0":
  version: 4.0.2
  resolution: "vfile-message@npm:4.0.2"
  dependencies:
    "@types/unist": "npm:^3.0.0"
    unist-util-stringify-position: "npm:^4.0.0"
  checksum: 07671d239a075f888b78f318bc1d54de02799db4e9dce322474e67c35d75ac4a5ac0aaf37b18801d91c9f8152974ea39678aa72d7198758b07f3ba04fb7d7514
  languageName: node
  linkType: hard

"vfile@npm:^6.0.0":
  version: 6.0.3
  resolution: "vfile@npm:6.0.3"
  dependencies:
    "@types/unist": "npm:^3.0.0"
    vfile-message: "npm:^4.0.0"
  checksum: e5d9eb4810623f23758cfc2205323e33552fb5972e5c2e6587babe08fe4d24859866277404fb9e2a20afb71013860d96ec806cb257536ae463c87d70022ab9ef
  languageName: node
  linkType: hard

"yaml@npm:^2.5.1":
  version: 2.5.1
  resolution: "yaml@npm:2.5.1"
  bin:
    yaml: bin.mjs
  checksum: 40fba5682898dbeeb3319e358a968fe886509fab6f58725732a15f8dda3abac509f91e76817c708c9959a15f786f38ff863c1b88062d7c1162c5334a7d09cb4a
  languageName: node
  linkType: hard

"zwitch@npm:^2.0.4":
  version: 2.0.4
  resolution: "zwitch@npm:2.0.4"
  checksum: 3c7830cdd3378667e058ffdb4cf2bb78ac5711214e2725900873accb23f3dfe5f9e7e5a06dcdc5f29605da976fc45c26d9a13ca334d6eea2245a15e77b8fc06e
  languageName: node
  linkType: hard
